
Microsoft Visual Studio Solution File, Format Version 12.00
# Visual Studio Version 17
VisualStudioVersion = 17.11.35208.52
MinimumVisualStudioVersion = 10.0.40219.1
Project("{FAE04EC0-301F-11D3-BF4B-00C04F79EFBC}") = "AleFogacho_ExamenP1", "AleFogacho_ExamenP1.csproj", "{0291AE85-75C8-46CF-A8F7-79C5788C3935}"
EndProject
Global
	GlobalSection(SolutionConfigurationPlatforms) = preSolution
		Debug|Any CPU = Debug|Any CPU
		Release|Any CPU = Release|Any CPU
	EndGlobalSection
	GlobalSection(ProjectConfigurationPlatforms) = postSolution
		{0291AE85-75C8-46CF-A8F7-79C5788C3935}.Debug|Any CPU.ActiveCfg = Debug|Any CPU
		{0291AE85-75C8-46CF-A8F7-79C5788C3935}.Debug|Any CPU.Build.0 = Debug|Any CPU
		{0291AE85-75C8-46CF-A8F7-79C5788C3935}.Release|Any CPU.ActiveCfg = Release|Any CPU
		{0291AE85-75C8-46CF-A8F7-79C5788C3935}.Release|Any CPU.Build.0 = Release|Any CPU
	EndGlobalSection
	GlobalSection(SolutionProperties) = preSolution
		HideSolutionNode = FALSE
	EndGlobalSection
	GlobalSection(ExtensibilityGlobals) = postSolution
		SolutionGuid = {2F813183-A087-4776-923C-4075F4EAC9F0}
	EndGlobalSection
EndGlobal
